
Microsoft Visual Studio Solution File, Format Version 12.00
# Visual Studio Version 17
VisualStudioVersion = 17.0.31903.59
MinimumVisualStudioVersion = 10.0.40219.1
Project("{9A19103F-16F7-4668-BE54-9A1E7A4F7556}") = "Audacia.Auth.OpenIddict", "src\Audacia.Auth.OpenIddict\Audacia.Auth.OpenIddict.csproj", "{98616CCA-5E54-4D29-B5B5-CE80779D622F}"
EndProject
Project("{2150E333-8FDC-42A3-9474-1A3956D46DE8}") = "Tests", "Tests", "{290E7549-383B-4D3F-AF87-28B28F1E3261}"
EndProject
Project("{FAE04EC0-301F-11D3-BF4B-00C04F79EFBC}") = "Audacia.Auth.OpenIddict.Tests", "tests\Audacia.Auth.OpenIddict.Tests\Audacia.Auth.OpenIddict.Tests.csproj", "{2A552980-6F04-44A2-94F7-99EE00A2635F}"
EndProject
Global
	GlobalSection(SolutionConfigurationPlatforms) = preSolution
		Debug|Any CPU = Debug|Any CPU
		Release|Any CPU = Release|Any CPU
	EndGlobalSection
	GlobalSection(ProjectConfigurationPlatforms) = postSolution
		{98616CCA-5E54-4D29-B5B5-CE80779D622F}.Debug|Any CPU.ActiveCfg = Debug|Any CPU
		{98616CCA-5E54-4D29-B5B5-CE80779D622F}.Debug|Any CPU.Build.0 = Debug|Any CPU
		{98616CCA-5E54-4D29-B5B5-CE80779D622F}.Release|Any CPU.ActiveCfg = Release|Any CPU
		{98616CCA-5E54-4D29-B5B5-CE80779D622F}.Release|Any CPU.Build.0 = Release|Any CPU
		{2A552980-6F04-44A2-94F7-99EE00A2635F}.Debug|Any CPU.ActiveCfg = Debug|Any CPU
		{2A552980-6F04-44A2-94F7-99EE00A2635F}.Debug|Any CPU.Build.0 = Debug|Any CPU
		{2A552980-6F04-44A2-94F7-99EE00A2635F}.Release|Any CPU.ActiveCfg = Release|Any CPU
		{2A552980-6F04-44A2-94F7-99EE00A2635F}.Release|Any CPU.Build.0 = Release|Any CPU
	EndGlobalSection
	GlobalSection(SolutionProperties) = preSolution
		HideSolutionNode = FALSE
	EndGlobalSection
	GlobalSection(NestedProjects) = preSolution
		{2A552980-6F04-44A2-94F7-99EE00A2635F} = {290E7549-383B-4D3F-AF87-28B28F1E3261}
	EndGlobalSection
	GlobalSection(ExtensibilityGlobals) = postSolution
		SolutionGuid = {D472C07F-346A-483A-8F20-F3F002270932}
	EndGlobalSection
EndGlobal
