
Microsoft Visual Studio Solution File, Format Version 12.00
# Visual Studio Version 17
VisualStudioVersion = 17.0.31903.59
MinimumVisualStudioVersion = 10.0.40219.1
Project("{FAE04EC0-301F-11D3-BF4B-00C04F79EFBC}") = "Audacia.Auth.OpenIddict.Seeding", "src\Audacia.Auth.OpenIddict.Seeding\Audacia.Auth.OpenIddict.Seeding.csproj", "{4DFDC24C-75D1-40A0-BD58-A3C318552E81}"
EndProject
Global
	GlobalSection(SolutionConfigurationPlatforms) = preSolution
		Debug|Any CPU = Debug|Any CPU
		Release|Any CPU = Release|Any CPU
	EndGlobalSection
	GlobalSection(ProjectConfigurationPlatforms) = postSolution
		{4DFDC24C-75D1-40A0-BD58-A3C318552E81}.Debug|Any CPU.ActiveCfg = Debug|Any CPU
		{4DFDC24C-75D1-40A0-BD58-A3C318552E81}.Debug|Any CPU.Build.0 = Debug|Any CPU
		{4DFDC24C-75D1-40A0-BD58-A3C318552E81}.Release|Any CPU.ActiveCfg = Release|Any CPU
		{4DFDC24C-75D1-40A0-BD58-A3C318552E81}.Release|Any CPU.Build.0 = Release|Any CPU
	EndGlobalSection
	GlobalSection(SolutionProperties) = preSolution
		HideSolutionNode = FALSE
	EndGlobalSection
	GlobalSection(ExtensibilityGlobals) = postSolution
		SolutionGuid = {8ED92108-0FA0-4FC9-88B8-4A0A83E8AA19}
	EndGlobalSection
EndGlobal
